{
  "name": "hexo-s3-deploy",
  "version": "1.2.3",
  "lockfileVersion": 1,
  "requires": true,
  "dependencies": {
    "js-yaml": {
      "version": "3.6.1",
      "resolved": "https://registry.npmjs.org/js-yaml/-/js-yaml-3.6.1.tgz",
      "integrity": "sha1-bl/mfYsgXOTSL60Ft3geja3MSzA=",
      "requires": {
        "argparse": "1.0.9",
        "esprima": "2.7.3"
      },
      "dependencies": {
        "argparse": {
          "version": "1.0.9",
          "resolved": "https://registry.npmjs.org/argparse/-/argparse-1.0.9.tgz",
          "integrity": "sha1-c9g7wmP4bpf4zE9rrhsOkKfSLIY=",
          "requires": {
            "sprintf-js": "1.0.3"
          },
          "dependencies": {
            "sprintf-js": {
              "version": "1.0.3",
              "resolved": "https://registry.npmjs.org/sprintf-js/-/sprintf-js-1.0.3.tgz",
              "integrity": "sha1-BOaSb2YolTVPPdAVIDYzuFcpfiw="
            }
          }
        },
        "esprima": {
          "version": "2.7.3",
          "resolved": "https://registry.npmjs.org/esprima/-/esprima-2.7.3.tgz",
          "integrity": "sha1-luO3DVd59q1JzQMmc9HDEnZ7pYE="
        }
      }
    },
    "readdirp": {
      "version": "2.1.0",
      "resolved": "https://registry.npmjs.org/readdirp/-/readdirp-2.1.0.tgz",
      "integrity": "sha1-TtCtBg3zBzMAxIRANz9y0cxkLXg=",
      "requires": {
        "graceful-fs": "4.1.9",
        "minimatch": "3.0.3",
        "readable-stream": "2.1.5",
        "set-immediate-shim": "1.0.1"
      },
      "dependencies": {
        "graceful-fs": {
          "version": "4.1.9",
          "resolved": "https://registry.npmjs.org/graceful-fs/-/graceful-fs-4.1.9.tgz",
          "integrity": "sha1-uqy6N9GdEfnRRtNXi8mZWMN4fik="
        },
        "minimatch": {
          "version": "3.0.3",
          "resolved": "https://registry.npmjs.org/minimatch/-/minimatch-3.0.3.tgz",
          "integrity": "sha1-Kk5AkLlrLbBqnX3wEFWmKnfJt3Q=",
          "requires": {
            "brace-expansion": "1.1.6"
          },
          "dependencies": {
            "brace-expansion": {
              "version": "1.1.6",
              "resolved": "https://registry.npmjs.org/brace-expansion/-/brace-expansion-1.1.6.tgz",
              "integrity": "sha1-cZfX6qm4fmSDkOph/GbIRCdCDfk=",
              "requires": {
                "balanced-match": "0.4.2",
                "concat-map": "0.0.1"
              },
              "dependencies": {
                "balanced-match": {
                  "version": "0.4.2",
                  "resolved": "https://registry.npmjs.org/balanced-match/-/balanced-match-0.4.2.tgz",
                  "integrity": "sha1-yz8+PHMtwPAe5wtAPzAuYddwmDg="
                },
                "concat-map": {
                  "version": "0.0.1",
                  "resolved": "https://registry.npmjs.org/concat-map/-/concat-map-0.0.1.tgz",
                  "integrity": "sha1-2Klr13/Wjfd5OnMDajug1UBdR3s="
                }
              }
            }
          }
        },
        "readable-stream": {
          "version": "2.1.5",
          "resolved": "https://registry.npmjs.org/readable-stream/-/readable-stream-2.1.5.tgz",
          "integrity": "sha1-ZvqLcg4UOLNkaB8q0aY8YYRIydA=",
          "requires": {
            "buffer-shims": "1.0.0",
            "core-util-is": "1.0.2",
            "inherits": "2.0.3",
            "isarray": "1.0.0",
            "process-nextick-args": "1.0.7",
            "string_decoder": "0.10.31",
            "util-deprecate": "1.0.2"
          },
          "dependencies": {
            "buffer-shims": {
              "version": "1.0.0",
              "resolved": "https://registry.npmjs.org/buffer-shims/-/buffer-shims-1.0.0.tgz",
              "integrity": "sha1-mXjOMXOIxkmth5MCjDR37wRKi1E="
            },
            "core-util-is": {
              "version": "1.0.2",
              "resolved": "https://registry.npmjs.org/core-util-is/-/core-util-is-1.0.2.tgz",
              "integrity": "sha1-tf1UIgqivFq1eqtxQMlAdUUDwac="
            },
            "inherits": {
              "version": "2.0.3",
              "resolved": "https://registry.npmjs.org/inherits/-/inherits-2.0.3.tgz",
              "integrity": "sha1-Yzwsg+PaQqUC9SRmAiSA9CCCYd4="
            },
            "isarray": {
              "version": "1.0.0",
              "resolved": "https://registry.npmjs.org/isarray/-/isarray-1.0.0.tgz",
              "integrity": "sha1-u5NdSFgsuhaMBoNJV6VKPgcSTxE="
            },
            "process-nextick-args": {
              "version": "1.0.7",
              "resolved": "https://registry.npmjs.org/process-nextick-args/-/process-nextick-args-1.0.7.tgz",
              "integrity": "sha1-FQ4gt1ZZCtP5EJPyWk8q2L/zC6M="
            },
            "string_decoder": {
              "version": "0.10.31",
              "resolved": "https://registry.npmjs.org/string_decoder/-/string_decoder-0.10.31.tgz",
              "integrity": "sha1-YuIDvEF2bGwoyfyEMB2rHFMQ+pQ="
            },
            "util-deprecate": {
              "version": "1.0.2",
              "resolved": "https://registry.npmjs.org/util-deprecate/-/util-deprecate-1.0.2.tgz",
              "integrity": "sha1-RQ1Nyfpw3nMnYvvS1KKJgUGaDM8="
            }
          }
        },
        "set-immediate-shim": {
          "version": "1.0.1",
          "resolved": "https://registry.npmjs.org/set-immediate-shim/-/set-immediate-shim-1.0.1.tgz",
          "integrity": "sha1-SysbJ+uAip+NzEgaWOXlb1mfP2E="
        }
      }
    },
    "s3-sync": {
      "version": "1.0.1",
      "resolved": "https://registry.npmjs.org/s3-sync/-/s3-sync-1.0.1.tgz",
      "integrity": "sha1-ZHswL5J7bMjHhb915BvLKbSEDTI=",
      "requires": {
        "backoff": "2.3.0",
        "crypto": "0.0.3",
        "event-stream": "3.0.16",
        "knox": "0.8.10",
        "level-write-stream": "1.0.0",
        "mime": "1.2.11",
        "once": "1.1.1",
        "queue-async": "1.0.7",
        "xtend": "4.0.1"
      },
      "dependencies": {
        "backoff": {
          "version": "2.3.0",
          "resolved": "https://registry.npmjs.org/backoff/-/backoff-2.3.0.tgz",
          "integrity": "sha1-7nx+OAk/kuRyhZ22NedlJFT8Ieo="
        },
        "crypto": {
          "version": "0.0.3",
          "resolved": "https://registry.npmjs.org/crypto/-/crypto-0.0.3.tgz",
          "integrity": "sha1-RwqBuGvkxe4XrMggeh9TFa4g27A="
        },
        "event-stream": {
          "version": "3.0.16",
          "resolved": "https://registry.npmjs.org/event-stream/-/event-stream-3.0.16.tgz",
          "integrity": "sha1-NSNFjrHYJ/rGrianVj266cDppDs=",
          "requires": {
            "duplexer": "0.0.4",
            "from": "0.1.3",
            "map-stream": "0.0.2",
            "pause-stream": "0.0.10",
            "split": "0.2.10",
            "stream-combiner": "0.0.0",
            "through": "2.3.8"
          },
          "dependencies": {
            "duplexer": {
              "version": "0.0.4",
              "resolved": "https://registry.npmjs.org/duplexer/-/duplexer-0.0.4.tgz",
              "integrity": "sha1-r8t/H4uNdPggcmFx1dZKyeSo/yA="
            },
            "from": {
              "version": "0.1.3",
              "resolved": "https://registry.npmjs.org/from/-/from-0.1.3.tgz",
              "integrity": "sha1-72OsIGKsMqz3hi4NQLRLiW8i87w="
            },
            "map-stream": {
              "version": "0.0.2",
              "resolved": "https://registry.npmjs.org/map-stream/-/map-stream-0.0.2.tgz",
              "integrity": "sha1-L7jUBjzFjuxpU7+rGy9EJx0ch2U="
            },
            "pause-stream": {
              "version": "0.0.10",
              "resolved": "https://registry.npmjs.org/pause-stream/-/pause-stream-0.0.10.tgz",
              "integrity": "sha1-5xbVwWiRndvdTdoopYnNSwpdWiA=",
              "requires": {
                "through": "2.3.8"
              }
            },
            "split": {
              "version": "0.2.10",
              "resolved": "https://registry.npmjs.org/split/-/split-0.2.10.tgz",
              "integrity": "sha1-Zwl8YB1pfOE2j0GPBs0gHPBSGlc=",
              "requires": {
                "through": "2.3.8"
              }
            },
            "stream-combiner": {
              "version": "0.0.0",
              "resolved": "https://registry.npmjs.org/stream-combiner/-/stream-combiner-0.0.0.tgz",
              "integrity": "sha1-JQ7ELCi7HNpiUPUz5OQbI1WHFiw=",
              "requires": {
                "duplexer": "0.0.2"
              },
              "dependencies": {
                "duplexer": {
                  "version": "0.0.2",
                  "resolved": "https://registry.npmjs.org/duplexer/-/duplexer-0.0.2.tgz",
                  "integrity": "sha1-J39cfd3E+sGhcMoGGwmM8z1dMz8="
                }
              }
            },
            "through": {
              "version": "2.3.8",
              "resolved": "https://registry.npmjs.org/through/-/through-2.3.8.tgz",
              "integrity": "sha1-DdTJ/6q8NXlgsbckEV1+Doai4fU="
            }
          }
        },
        "knox": {
          "version": "0.8.10",
          "resolved": "https://registry.npmjs.org/knox/-/knox-0.8.10.tgz",
          "integrity": "sha1-ai7c2sHSrjedHhmU1Vm5XCg7JYg=",
          "requires": {
            "debug": "0.7.4",
            "mime": "1.2.11",
            "stream-counter": "0.1.0",
            "xml2js": "0.2.8"
          },
          "dependencies": {
            "debug": {
              "version": "0.7.4",
              "resolved": "https://registry.npmjs.org/debug/-/debug-0.7.4.tgz",
              "integrity": "sha1-BuHqgILCyxTjmAbiLi9vdX+Srzk="
            },
            "stream-counter": {
              "version": "0.1.0",
              "resolved": "https://registry.npmjs.org/stream-counter/-/stream-counter-0.1.0.tgz",
              "integrity": "sha1-oDXkKTYftX82Fgbhf82Ki5Z3Mns=",
              "requires": {
                "readable-stream": "1.0.34"
              },
              "dependencies": {
                "readable-stream": {
                  "version": "1.0.34",
                  "resolved": "https://registry.npmjs.org/readable-stream/-/readable-stream-1.0.34.tgz",
                  "integrity": "sha1-Elgg40vIQtLyqq+v5MKRbuMsFXw=",
                  "requires": {
                    "core-util-is": "1.0.2",
                    "inherits": "2.0.3",
                    "isarray": "0.0.1",
                    "string_decoder": "0.10.31"
                  },
                  "dependencies": {
                    "core-util-is": {
                      "version": "1.0.2",
                      "resolved": "https://registry.npmjs.org/core-util-is/-/core-util-is-1.0.2.tgz",
                      "integrity": "sha1-tf1UIgqivFq1eqtxQMlAdUUDwac="
                    },
                    "inherits": {
                      "version": "2.0.3",
                      "resolved": "https://registry.npmjs.org/inherits/-/inherits-2.0.3.tgz",
                      "integrity": "sha1-Yzwsg+PaQqUC9SRmAiSA9CCCYd4="
                    },
                    "isarray": {
                      "version": "0.0.1",
                      "resolved": "https://registry.npmjs.org/isarray/-/isarray-0.0.1.tgz",
                      "integrity": "sha1-ihis/Kmo9Bd+Cav8YDiTmwXR7t8="
                    },
                    "string_decoder": {
                      "version": "0.10.31",
                      "resolved": "https://registry.npmjs.org/string_decoder/-/string_decoder-0.10.31.tgz",
                      "integrity": "sha1-YuIDvEF2bGwoyfyEMB2rHFMQ+pQ="
                    }
                  }
                }
              }
            },
            "xml2js": {
              "version": "0.2.8",
              "resolved": "https://registry.npmjs.org/xml2js/-/xml2js-0.2.8.tgz",
              "integrity": "sha1-m4FpCTFjH/CdGVdUn69U9PmAs8I=",
              "requires": {
                "sax": "0.5.8"
              },
              "dependencies": {
                "sax": {
                  "version": "0.5.8",
                  "resolved": "https://registry.npmjs.org/sax/-/sax-0.5.8.tgz",
                  "integrity": "sha1-1HLbIo6zMcJQaw6MFVJK25OdEsE="
                }
              }
            }
          }
        },
        "level-write-stream": {
          "version": "1.0.0",
          "resolved": "https://registry.npmjs.org/level-write-stream/-/level-write-stream-1.0.0.tgz",
          "integrity": "sha1-P3+7Z5pVE3wP6zA97nZuEu4Twdw=",
          "requires": {
            "end-stream": "0.1.0"
          },
          "dependencies": {
            "end-stream": {
              "version": "0.1.0",
              "resolved": "https://registry.npmjs.org/end-stream/-/end-stream-0.1.0.tgz",
              "integrity": "sha1-MgA/P0OKKwFDFoE3+PpumGbIHtU=",
              "requires": {
                "write-stream": "0.4.3"
              },
              "dependencies": {
                "write-stream": {
                  "version": "0.4.3",
                  "resolved": "https://registry.npmjs.org/write-stream/-/write-stream-0.4.3.tgz",
                  "integrity": "sha1-g8yMA0fQr2BXqThitOOuAd5cgcE=",
                  "requires": {
                    "readable-stream": "0.0.4"
                  },
                  "dependencies": {
                    "readable-stream": {
                      "version": "0.0.4",
                      "resolved": "https://registry.npmjs.org/readable-stream/-/readable-stream-0.0.4.tgz",
                      "integrity": "sha1-8y124/uGM0SlSNeZIwBxc2ZbO40="
                    }
                  }
                }
              }
            }
          }
        },
        "mime": {
          "version": "1.2.11",
          "resolved": "https://registry.npmjs.org/mime/-/mime-1.2.11.tgz",
          "integrity": "sha1-WCA+7Ybjpe8XrtK32evUfwpg3RA="
        },
        "once": {
          "version": "1.1.1",
          "resolved": "https://registry.npmjs.org/once/-/once-1.1.1.tgz",
          "integrity": "sha1-nbV0kzzLCMOnYU0VQDLAnqbzOec="
        },
        "queue-async": {
          "version": "1.0.7",
          "resolved": "https://registry.npmjs.org/queue-async/-/queue-async-1.0.7.tgz",
          "integrity": "sha1-Iq4KHaxKkvW81GNPmTxoKiqBCUU="
        },
        "xtend": {
          "version": "4.0.1",
          "resolved": "https://registry.npmjs.org/xtend/-/xtend-4.0.1.tgz",
          "integrity": "sha1-pcbVMr5lbiPbgg77lDofBJmNY68="
        }
      }
    }
  }
}
